
Microsoft Visual Studio Solution File, Format Version 12.00
# Visual Studio Version 16
VisualStudioVersion = 16.0.30804.86
MinimumVisualStudioVersion = 10.0.40219.1
Project("{FAE04EC0-301F-11D3-BF4B-00C04F79EFBC}") = "MIS", "MIS\MIS.csproj", "{6708B5FE-A67F-452F-A6DC-4E53CDE9D519}"
EndProject
Global
	GlobalSection(SolutionConfigurationPlatforms) = preSolution
		Debug|Any CPU = Debug|Any CPU
		Release|Any CPU = Release|Any CPU
	EndGlobalSection
	GlobalSection(ProjectConfigurationPlatforms) = postSolution
		{6708B5FE-A67F-452F-A6DC-4E53CDE9D519}.Debug|Any CPU.ActiveCfg = Debug|Any CPU
		{6708B5FE-A67F-452F-A6DC-4E53CDE9D519}.Debug|Any CPU.Build.0 = Debug|Any CPU
		{6708B5FE-A67F-452F-A6DC-4E53CDE9D519}.Release|Any CPU.ActiveCfg = Release|Any CPU
		{6708B5FE-A67F-452F-A6DC-4E53CDE9D519}.Release|Any CPU.Build.0 = Release|Any CPU
	EndGlobalSection
	GlobalSection(SolutionProperties) = preSolution
		HideSolutionNode = FALSE
	EndGlobalSection
	GlobalSection(ExtensibilityGlobals) = postSolution
		SolutionGuid = {2C005A98-364F-42FC-88C8-DEF7C8F55D07}
	EndGlobalSection
EndGlobal
